
Microsoft Visual Studio Solution File, Format Version 12.00
# Visual Studio Version 16
VisualStudioVersion = 16.0.29613.14
MinimumVisualStudioVersion = 10.0.40219.1
Project("{FAE04EC0-301F-11D3-BF4B-00C04F79EFBC}") = "System Machine Tools", "System Machine Tools.csproj", "{EE0C3A6E-009A-4723-B9BA-7D8C37083893}"
EndProject
Global
	GlobalSection(SolutionConfigurationPlatforms) = preSolution
		Debug|Any CPU = Debug|Any CPU
		Release|Any CPU = Release|Any CPU
	EndGlobalSection
	GlobalSection(ProjectConfigurationPlatforms) = postSolution
		{EE0C3A6E-009A-4723-B9BA-7D8C37083893}.Debug|Any CPU.ActiveCfg = Debug|Any CPU
		{EE0C3A6E-009A-4723-B9BA-7D8C37083893}.Debug|Any CPU.Build.0 = Debug|Any CPU
		{EE0C3A6E-009A-4723-B9BA-7D8C37083893}.Release|Any CPU.ActiveCfg = Release|Any CPU
		{EE0C3A6E-009A-4723-B9BA-7D8C37083893}.Release|Any CPU.Build.0 = Release|Any CPU
	EndGlobalSection
	GlobalSection(SolutionProperties) = preSolution
		HideSolutionNode = FALSE
	EndGlobalSection
	GlobalSection(ExtensibilityGlobals) = postSolution
		SolutionGuid = {0E1703A0-2065-4C82-B90A-7FAF9F219EA4}
	EndGlobalSection
EndGlobal
